// !$*UTF8*$!
{
	archiveVersion = 1;
	classes = {
	};
	objectVersion = 55;
	objects = {

/* Begin PBXBuildFile section */
		AD16EE5528A8E7890040E649 /* Social_AppApp.swift in Sources */ = {isa = PBXBuildFile; fileRef = AD16EE5428A8E7890040E649 /* Social_AppApp.swift */; };
		AD16EE5728A8E7890040E649 /* ContentView.swift in Sources */ = {isa = PBXBuildFile; fileRef = AD16EE5628A8E7890040E649 /* ContentView.swift */; };
		AD16EE5928A8E78A0040E649 /* Assets.xcassets in Resources */ = {isa = PBXBuildFile; fileRef = AD16EE5828A8E78A0040E649 /* Assets.xcassets */; };
		AD16EE5C28A8E78A0040E649 /* Preview Assets.xcassets in Resources */ = {isa = PBXBuildFile; fileRef = AD16EE5B28A8E78A0040E649 /* Preview Assets.xcassets */; };
		AD16EE6428A8E8590040E649 /* PostSceneProtocols.swift in Sources */ = {isa = PBXBuildFile; fileRef = AD16EE6328A8E8590040E649 /* PostSceneProtocols.swift */; };
		AD16EE6628A8E8610040E649 /* PostSceneView.swift in Sources */ = {isa = PBXBuildFile; fileRef = AD16EE6528A8E8610040E649 /* PostSceneView.swift */; };
		AD16EE6828A8E86C0040E649 /* PostSceneInteractor.swift in Sources */ = {isa = PBXBuildFile; fileRef = AD16EE6728A8E86C0040E649 /* PostSceneInteractor.swift */; };
		AD16EE6A28A8E8790040E649 /* PostScenePresenter.swift in Sources */ = {isa = PBXBuildFile; fileRef = AD16EE6928A8E8790040E649 /* PostScenePresenter.swift */; };
		AD16EE6C28A8E8830040E649 /* PostSceneEntity.swift in Sources */ = {isa = PBXBuildFile; fileRef = AD16EE6B28A8E8830040E649 /* PostSceneEntity.swift */; };
		AD16EE6E28A8E88C0040E649 /* PostSceneRouter.swift in Sources */ = {isa = PBXBuildFile; fileRef = AD16EE6D28A8E88C0040E649 /* PostSceneRouter.swift */; };
/* End PBXBuildFile section */

/* Begin PBXFileReference section */
		AD16EE5128A8E7890040E649 /* Social_App.app */ = {isa = PBXFileReference; explicitFileType = wrapper.application; includeInIndex = 0; path = Social_App.app; sourceTree = BUILT_PRODUCTS_DIR; };
		AD16EE5428A8E7890040E649 /* Social_AppApp.swift */ = {isa = PBXFileReference; lastKnownFileType = sourcecode.swift; path = Social_AppApp.swift; sourceTree = "<group>"; };
		AD16EE5628A8E7890040E649 /* ContentView.swift */ = {isa = PBXFileReference; lastKnownFileType = sourcecode.swift; path = ContentView.swift; sourceTree = "<group>"; };
		AD16EE5828A8E78A0040E649 /* Assets.xcassets */ = {isa = PBXFileReference; lastKnownFileType = folder.assetcatalog; path = Assets.xcassets; sourceTree = "<group>"; };
		AD16EE5B28A8E78A0040E649 /* Preview Assets.xcassets */ = {isa = PBXFileReference; lastKnownFileType = folder.assetcatalog; path = "Preview Assets.xcassets"; sourceTree = "<group>"; };
		AD16EE6328A8E8590040E649 /* PostSceneProtocols.swift */ = {isa = PBXFileReference; lastKnownFileType = sourcecode.swift; path = PostSceneProtocols.swift; sourceTree = "<group>"; };
		AD16EE6528A8E8610040E649 /* PostSceneView.swift */ = {isa = PBXFileReference; lastKnownFileType = sourcecode.swift; path = PostSceneView.swift; sourceTree = "<group>"; };
		AD16EE6728A8E86C0040E649 /* PostSceneInteractor.swift */ = {isa = PBXFileReference; lastKnownFileType = sourcecode.swift; path = PostSceneInteractor.swift; sourceTree = "<group>"; };
		AD16EE6928A8E8790040E649 /* PostScenePresenter.swift */ = {isa = PBXFileReference; lastKnownFileType = sourcecode.swift; path = PostScenePresenter.swift; sourceTree = "<group>"; };
		AD16EE6B28A8E8830040E649 /* PostSceneEntity.swift */ = {isa = PBXFileReference; lastKnownFileType = sourcecode.swift; path = PostSceneEntity.swift; sourceTree = "<group>"; };
		AD16EE6D28A8E88C0040E649 /* PostSceneRouter.swift */ = {isa = PBXFileReference; lastKnownFileType = sourcecode.swift; path = PostSceneRouter.swift; sourceTree = "<group>"; };
/* End PBXFileReference section */

/* Begin PBXFrameworksBuildPhase section */
		AD16EE4E28A8E7890040E649 /* Frameworks */ = {
			isa = PBXFrameworksBuildPhase;
			buildActionMask = 2147483647;
			files = (
			);
			runOnlyForDeploymentPostprocessing = 0;
		};
/* End PBXFrameworksBuildPhase section */

/* Begin PBXGroup section */
		AD16EE4828A8E7890040E649 = {
			isa = PBXGroup;
			children = (
				AD16EE5328A8E7890040E649 /* Social_App */,
				AD16EE5228A8E7890040E649 /* Products */,
			);
			sourceTree = "<group>";
		};
		AD16EE5228A8E7890040E649 /* Products */ = {
			isa = PBXGroup;
			children = (
				AD16EE5128A8E7890040E649 /* Social_App.app */,
			);
			name = Products;
			sourceTree = "<group>";
		};
		AD16EE5328A8E7890040E649 /* Social_App */ = {
			isa = PBXGroup;
			children = (
				AD16EE6228A8E8430040E649 /* PostScene */,
				AD16EE5428A8E7890040E649 /* Social_AppApp.swift */,
				AD16EE5628A8E7890040E649 /* ContentView.swift */,
				AD16EE5828A8E78A0040E649 /* Assets.xcassets */,
				AD16EE5A28A8E78A0040E649 /* Preview Content */,
			);
			path = Social_App;
			sourceTree = "<group>";
		};
		AD16EE5A28A8E78A0040E649 /* Preview Content */ = {
			isa = PBXGroup;
			children = (
				AD16EE5B28A8E78A0040E649 /* Preview Assets.xcassets */,
			);
			path = "Preview Content";
			sourceTree = "<group>";
		};
		AD16EE6228A8E8430040E649 /* PostScene */ = {
			isa = PBXGroup;
			children = (
				AD16EE6328A8E8590040E649 /* PostSceneProtocols.swift */,
				AD16EE6528A8E8610040E649 /* PostSceneView.swift */,
				AD16EE6728A8E86C0040E649 /* PostSceneInteractor.swift */,
				AD16EE6928A8E8790040E649 /* PostScenePresenter.swift */,
				AD16EE6B28A8E8830040E649 /* PostSceneEntity.swift */,
				AD16EE6D28A8E88C0040E649 /* PostSceneRouter.swift */,
			);
			path = PostScene;
			sourceTree = "<group>";
		};
/* End PBXGroup section */

/* Begin PBXNativeTarget section */
		AD16EE5028A8E7890040E649 /* Social_App */ = {
			isa = PBXNativeTarget;
			buildConfigurationList = AD16EE5F28A8E78A0040E649 /* Build configuration list for PBXNativeTarget "Social_App" */;
			buildPhases = (
				AD16EE4D28A8E7890040E649 /* Sources */,
				AD16EE4E28A8E7890040E649 /* Frameworks */,
				AD16EE4F28A8E7890040E649 /* Resources */,
			);
			buildRules = (
			);
			dependencies = (
			);
			name = Social_App;
			productName = Social_App;
			productReference = AD16EE5128A8E7890040E649 /* Social_App.app */;
			productType = "com.apple.product-type.application";
		};
/* End PBXNativeTarget section */

/* Begin PBXProject section */
		AD16EE4928A8E7890040E649 /* Project object */ = {
			isa = PBXProject;
			attributes = {
				BuildIndependentTargetsInParallel = 1;
				LastSwiftUpdateCheck = 1340;
				LastUpgradeCheck = 1340;
				TargetAttributes = {
					AD16EE5028A8E7890040E649 = {
						CreatedOnToolsVersion = 13.4.1;
					};
				};
			};
			buildConfigurationList = AD16EE4C28A8E7890040E649 /* Build configuration list for PBXProject "Social_App" */;
			compatibilityVersion = "Xcode 13.0";
			developmentRegion = en;
			hasScannedForEncodings = 0;
			knownRegions = (
				en,
				Base,
			);
			mainGroup = AD16EE4828A8E7890040E649;
			productRefGroup = AD16EE5228A8E7890040E649 /* Products */;
			projectDirPath = "";
			projectRoot = "";
			targets = (
				AD16EE5028A8E7890040E649 /* Social_App */,
			);
		};
/* End PBXProject section */

/* Begin PBXResourcesBuildPhase section */
		AD16EE4F28A8E7890040E649 /* Resources */ = {
			isa = PBXResourcesBuildPhase;
			buildActionMask = 2147483647;
			files = (
				AD16EE5C28A8E78A0040E649 /* Preview Assets.xcassets in Resources */,
				AD16EE5928A8E78A0040E649 /* Assets.xcassets in Resources */,
			);
			runOnlyForDeploymentPostprocessing = 0;
		};
/* End PBXResourcesBuildPhase section */

/* Begin PBXSourcesBuildPhase section */
		AD16EE4D28A8E7890040E649 /* Sources */ = {
			isa = PBXSourcesBuildPhase;
			buildActionMask = 2147483647;
			files = (
				AD16EE5728A8E7890040E649 /* ContentView.swift in Sources */,
				AD16EE6C28A8E8830040E649 /* PostSceneEntity.swift in Sources */,
				AD16EE6628A8E8610040E649 /* PostSceneView.swift in Sources */,
				AD16EE6828A8E86C0040E649 /* PostSceneInteractor.swift in Sources */,
				AD16EE5528A8E7890040E649 /* Social_AppApp.swift in Sources */,
				AD16EE6E28A8E88C0040E649 /* PostSceneRouter.swift in Sources */,
				AD16EE6428A8E8590040E649 /* PostSceneProtocols.swift in Sources */,
				AD16EE6A28A8E8790040E649 /* PostScenePresenter.swift in Sources */,
			);
			runOnlyForDeploymentPostprocessing = 0;
		};
/* End PBXSourcesBuildPhase section */

/* Begin XCBuildConfiguration section */
		AD16EE5D28A8E78A0040E649 /* Debug */ = {
			isa = XCBuildConfiguration;
			buildSettings = {
				ALWAYS_SEARCH_USER_PATHS = NO;
				CLANG_ANALYZER_NONNULL = YES;
				CLANG_ANALYZER_NUMBER_OBJECT_CONVERSION = YES_AGGRESSIVE;
				CLANG_CXX_LANGUAGE_STANDARD = "gnu++17";
				CLANG_ENABLE_MODULES = YES;
				CLANG_ENABLE_OBJC_ARC = YES;
				CLANG_ENABLE_OBJC_WEAK = YES;
				CLANG_WARN_BLOCK_CAPTURE_AUTORELEASING = YES;
				CLANG_WARN_BOOL_CONVERSION = YES;
				CLANG_WARN_COMMA = YES;
				CLANG_WARN_CONSTANT_CONVERSION = YES;
				CLANG_WARN_DEPRECATED_OBJC_IMPLEMENTATIONS = YES;
				CLANG_WARN_DIRECT_OBJC_ISA_USAGE = YES_ERROR;
				CLANG_WARN_DOCUMENTATION_COMMENTS = YES;
				CLANG_WARN_EMPTY_BODY = YES;
				CLANG_WARN_ENUM_CONVERSION = YES;
				CLANG_WARN_INFINITE_RECURSION = YES;
				CLANG_WARN_INT_CONVERSION = YES;
				CLANG_WARN_NON_LITERAL_NULL_CONVERSION = YES;
				CLANG_WARN_OBJC_IMPLICIT_RETAIN_SELF = YES;
				CLANG_WARN_OBJC_LITERAL_CONVERSION = YES;
				CLANG_WARN_OBJC_ROOT_CLASS = YES_ERROR;
				CLANG_WARN_QUOTED_INCLUDE_IN_FRAMEWORK_HEADER = YES;
				CLANG_WARN_RANGE_LOOP_ANALYSIS = YES;
				CLANG_WARN_STRICT_PROTOTYPES = YES;
				CLANG_WARN_SUSPICIOUS_MOVE = YES;
				CLANG_WARN_UNGUARDED_AVAILABILITY = YES_AGGRESSIVE;
				CLANG_WARN_UNREACHABLE_CODE = YES;
				CLANG_WARN__DUPLICATE_METHOD_MATCH = YES;
				COPY_PHASE_STRIP = NO;
				DEBUG_INFORMATION_FORMAT = dwarf;
				ENABLE_STRICT_OBJC_MSGSEND = YES;
				ENABLE_TESTABILITY = YES;
				GCC_C_LANGUAGE_STANDARD = gnu11;
				GCC_DYNAMIC_NO_PIC = NO;
				GCC_NO_COMMON_BLOCKS = YES;
				GCC_OPTIMIZATION_LEVEL = 0;
				GCC_PREPROCESSOR_DEFINITIONS = (
					"DEBUG=1",
					"$(inherited)",
				);
				GCC_WARN_64_TO_32_BIT_CONVERSION = YES;
				GCC_WARN_ABOUT_RETURN_TYPE = YES_ERROR;
				GCC_WARN_UNDECLARED_SELECTOR = YES;
				GCC_WARN_UNINITIALIZED_AUTOS = YES_AGGRESSIVE;
				GCC_WARN_UNUSED_FUNCTION = YES;
				GCC_WARN_UNUSED_VARIABLE = YES;
				IPHONEOS_DEPLOYMENT_TARGET = 15.5;
				MTL_ENABLE_DEBUG_INFO = INCLUDE_SOURCE;
				MTL_FAST_MATH = YES;
				ONLY_ACTIVE_ARCH = YES;
				SDKROOT = iphoneos;
				SWIFT_ACTIVE_COMPILATION_CONDITIONS = DEBUG;
				SWIFT_OPTIMIZATION_LEVEL = "-Onone";
			};
			name = Debug;
		};
		AD16EE5E28A8E78A0040E649 /* Release */ = {
			isa = XCBuildConfiguration;
			buildSettings = {
				ALWAYS_SEARCH_USER_PATHS = NO;
				CLANG_ANALYZER_NONNULL = YES;
				CLANG_ANALYZER_NUMBER_OBJECT_CONVERSION = YES_AGGRESSIVE;
				CLANG_CXX_LANGUAGE_STANDARD = "gnu++17";
				CLANG_ENABLE_MODULES = YES;
				CLANG_ENABLE_OBJC_ARC = YES;
				CLANG_ENABLE_OBJC_WEAK = YES;
				CLANG_WARN_BLOCK_CAPTURE_AUTORELEASING = YES;
				CLANG_WARN_BOOL_CONVERSION = YES;
				CLANG_WARN_COMMA = YES;
				CLANG_WARN_CONSTANT_CONVERSION = YES;
				CLANG_WARN_DEPRECATED_OBJC_IMPLEMENTATIONS = YES;
				CLANG_WARN_DIRECT_OBJC_ISA_USAGE = YES_ERROR;
				CLANG_WARN_DOCUMENTATION_COMMENTS = YES;
				CLANG_WARN_EMPTY_BODY = YES;
				CLANG_WARN_ENUM_CONVERSION = YES;
				CLANG_WARN_INFINITE_RECURSION = YES;
				CLANG_WARN_INT_CONVERSION = YES;
				CLANG_WARN_NON_LITERAL_NULL_CONVERSION = YES;
				CLANG_WARN_OBJC_IMPLICIT_RETAIN_SELF = YES;
				CLANG_WARN_OBJC_LITERAL_CONVERSION = YES;
				CLANG_WARN_OBJC_ROOT_CLASS = YES_ERROR;
				CLANG_WARN_QUOTED_INCLUDE_IN_FRAMEWORK_HEADER = YES;
				CLANG_WARN_RANGE_LOOP_ANALYSIS = YES;
				CLANG_WARN_STRICT_PROTOTYPES = YES;
				CLANG_WARN_SUSPICIOUS_MOVE = YES;
				CLANG_WARN_UNGUARDED_AVAILABILITY = YES_AGGRESSIVE;
				CLANG_WARN_UNREACHABLE_CODE = YES;
				CLANG_WARN__DUPLICATE_METHOD_MATCH = YES;
				COPY_PHASE_STRIP = NO;
				DEBUG_INFORMATION_FORMAT = "dwarf-with-dsym";
				ENABLE_NS_ASSERTIONS = NO;
				ENABLE_STRICT_OBJC_MSGSEND = YES;
				GCC_C_LANGUAGE_STANDARD = gnu11;
				GCC_NO_COMMON_BLOCKS = YES;
				GCC_WARN_64_TO_32_BIT_CONVERSION = YES;
				GCC_WARN_ABOUT_RETURN_TYPE = YES_ERROR;
				GCC_WARN_UNDECLARED_SELECTOR = YES;
				GCC_WARN_UNINITIALIZED_AUTOS = YES_AGGRESSIVE;
				GCC_WARN_UNUSED_FUNCTION = YES;
				GCC_WARN_UNUSED_VARIABLE = YES;
				IPHONEOS_DEPLOYMENT_TARGET = 15.5;
				MTL_ENABLE_DEBUG_INFO = NO;
				MTL_FAST_MATH = YES;
				SDKROOT = iphoneos;
				SWIFT_COMPILATION_MODE = wholemodule;
				SWIFT_OPTIMIZATION_LEVEL = "-O";
				VALIDATE_PRODUCT = YES;
			};
			name = Release;
		};
		AD16EE6028A8E78A0040E649 /* Debug */ = {
			isa = XCBuildConfiguration;
			buildSettings = {
				ASSETCATALOG_COMPILER_APPICON_NAME = AppIcon;
				ASSETCATALOG_COMPILER_GLOBAL_ACCENT_COLOR_NAME = AccentColor;
				CODE_SIGN_STYLE = Manual;
				CURRENT_PROJECT_VERSION = 1;
				DEVELOPMENT_ASSET_PATHS = "\"Social_App/Preview Content\"";
				DEVELOPMENT_TEAM = "";
				ENABLE_PREVIEWS = YES;
				GENERATE_INFOPLIST_FILE = YES;
				INFOPLIST_KEY_UIApplicationSceneManifest_Generation = YES;
				INFOPLIST_KEY_UIApplicationSupportsIndirectInputEvents = YES;
				INFOPLIST_KEY_UILaunchScreen_Generation = YES;
				INFOPLIST_KEY_UISupportedInterfaceOrientations_iPad = "UIInterfaceOrientationPortrait UIInterfaceOrientationPortraitUpsideDown UIInterfaceOrientationLandscapeLeft UIInterfaceOrientationLandscapeRight";
				INFOPLIST_KEY_UISupportedInterfaceOrientations_iPhone = "UIInterfaceOrientationPortrait UIInterfaceOrientationLandscapeLeft UIInterfaceOrientationLandscapeRight";
				LD_RUNPATH_SEARCH_PATHS = (
					"$(inherited)",
					"@executable_path/Frameworks",
				);
				MARKETING_VERSION = 1.0;
				PRODUCT_BUNDLE_IDENTIFIER = com.socialApp.app;
				PRODUCT_NAME = "$(TARGET_NAME)";
				PROVISIONING_PROFILE_SPECIFIER = "";
				SWIFT_EMIT_LOC_STRINGS = YES;
				SWIFT_VERSION = 5.0;
				TARGETED_DEVICE_FAMILY = "1,2";
			};
			name = Debug;
		};
		AD16EE6128A8E78A0040E649 /* Release */ = {
			isa = XCBuildConfiguration;
			buildSettings = {
				ASSETCATALOG_COMPILER_APPICON_NAME = AppIcon;
				ASSETCATALOG_COMPILER_GLOBAL_ACCENT_COLOR_NAME = AccentColor;
				CODE_SIGN_STYLE = Manual;
				CURRENT_PROJECT_VERSION = 1;
				DEVELOPMENT_ASSET_PATHS = "\"Social_App/Preview Content\"";
				DEVELOPMENT_TEAM = "";
				ENABLE_PREVIEWS = YES;
				GENERATE_INFOPLIST_FILE = YES;
				INFOPLIST_KEY_UIApplicationSceneManifest_Generation = YES;
				INFOPLIST_KEY_UIApplicationSupportsIndirectInputEvents = YES;
				INFOPLIST_KEY_UILaunchScreen_Generation = YES;
				INFOPLIST_KEY_UISupportedInterfaceOrientations_iPad = "UIInterfaceOrientationPortrait UIInterfaceOrientationPortraitUpsideDown UIInterfaceOrientationLandscapeLeft UIInterfaceOrientationLandscapeRight";
				INFOPLIST_KEY_UISupportedInterfaceOrientations_iPhone = "UIInterfaceOrientationPortrait UIInterfaceOrientationLandscapeLeft UIInterfaceOrientationLandscapeRight";
				LD_RUNPATH_SEARCH_PATHS = (
					"$(inherited)",
					"@executable_path/Frameworks",
				);
				MARKETING_VERSION = 1.0;
				PRODUCT_BUNDLE_IDENTIFIER = com.socialApp.app;
				PRODUCT_NAME = "$(TARGET_NAME)";
				PROVISIONING_PROFILE_SPECIFIER = "";
				SWIFT_EMIT_LOC_STRINGS = YES;
				SWIFT_VERSION = 5.0;
				TARGETED_DEVICE_FAMILY = "1,2";
			};
			name = Release;
		};
/* End XCBuildConfiguration section */

/* Begin XCConfigurationList section */
		AD16EE4C28A8E7890040E649 /* Build configuration list for PBXProject "Social_App" */ = {
			isa = XCConfigurationList;
			buildConfigurations = (
				AD16EE5D28A8E78A0040E649 /* Debug */,
				AD16EE5E28A8E78A0040E649 /* Release */,
			);
			defaultConfigurationIsVisible = 0;
			defaultConfigurationName = Release;
		};
		AD16EE5F28A8E78A0040E649 /* Build configuration list for PBXNativeTarget "Social_App" */ = {
			isa = XCConfigurationList;
			buildConfigurations = (
				AD16EE6028A8E78A0040E649 /* Debug */,
				AD16EE6128A8E78A0040E649 /* Release */,
			);
			defaultConfigurationIsVisible = 0;
			defaultConfigurationName = Release;
		};
/* End XCConfigurationList section */
	};
	rootObject = AD16EE4928A8E7890040E649 /* Project object */;
}
